lockfileVersion: '6.0'

settings:
  autoInstallPeers: true
  excludeLinksFromLockfile: false

dependencies:
  html2canvas:
    specifier: ^1.4.1
    version: 1.4.1
  recording:
    specifier: link:../library
    version: link:../library
  rrweb:
    specifier: 2.0.0-alpha.4
    version: 2.0.0-alpha.4

devDependencies:
  typescript:
    specifier: ^5.0.2
    version: 5.1.6
  vite:
    specifier: ^4.4.5
    version: 4.4.7

packages:

  /@esbuild/android-arm64@0.18.17:
    resolution: {integrity: sha512-9np+YYdNDed5+Jgr1TdWBsozZ85U1Oa3xW0c7TWqH0y2aGghXtZsuT8nYRbzOMcl0bXZXjOGbksoTtVOlWrRZg==}
    engines: {node: '>=12'}
    cpu: [arm64]
    os: [android]
    requiresBuild: true
    dev: true
    optional: true

  /@esbuild/android-arm@0.18.17:
    resolution: {integrity: sha512-wHsmJG/dnL3OkpAcwbgoBTTMHVi4Uyou3F5mf58ZtmUyIKfcdA7TROav/6tCzET4A3QW2Q2FC+eFneMU+iyOxg==}
    engines: {node: '>=12'}
    cpu: [arm]
    os: [android]
    requiresBuild: true
    dev: true
    optional: true

  /@esbuild/android-x64@0.18.17:
    resolution: {integrity: sha512-O+FeWB/+xya0aLg23hHEM2E3hbfwZzjqumKMSIqcHbNvDa+dza2D0yLuymRBQQnC34CWrsJUXyH2MG5VnLd6uw==}
    engines: {node: '>=12'}
    cpu: [x64]
    os: [android]
    requiresBuild: true
    dev: true
    optional: true

  /@esbuild/darwin-arm64@0.18.17:
    resolution: {integrity: sha512-M9uJ9VSB1oli2BE/dJs3zVr9kcCBBsE883prage1NWz6pBS++1oNn/7soPNS3+1DGj0FrkSvnED4Bmlu1VAE9g==}
    engines: {node: '>=12'}
    cpu: [arm64]
    os: [darwin]
    requiresBuild: true
    dev: true
    optional: true

  /@esbuild/darwin-x64@0.18.17:
    resolution: {integrity: sha512-XDre+J5YeIJDMfp3n0279DFNrGCXlxOuGsWIkRb1NThMZ0BsrWXoTg23Jer7fEXQ9Ye5QjrvXpxnhzl3bHtk0g==}
    engines: {node: '>=12'}
    cpu: [x64]
    os: [darwin]
    requiresBuild: true
    dev: true
    optional: true

  /@esbuild/freebsd-arm64@0.18.17:
    resolution: {integrity: sha512-cjTzGa3QlNfERa0+ptykyxs5A6FEUQQF0MuilYXYBGdBxD3vxJcKnzDlhDCa1VAJCmAxed6mYhA2KaJIbtiNuQ==}
    engines: {node: '>=12'}
    cpu: [arm64]
    os: [freebsd]
    requiresBuild: true
    dev: true
    optional: true

  /@esbuild/freebsd-x64@0.18.17:
    resolution: {integrity: sha512-sOxEvR8d7V7Kw8QqzxWc7bFfnWnGdaFBut1dRUYtu+EIRXefBc/eIsiUiShnW0hM3FmQ5Zf27suDuHsKgZ5QrA==}
    engines: {node: '>=12'}
    cpu: [x64]
    os: [freebsd]
    requiresBuild: true
    dev: true
    optional: true

  /@esbuild/linux-arm64@0.18.17:
    resolution: {integrity: sha512-c9w3tE7qA3CYWjT+M3BMbwMt+0JYOp3vCMKgVBrCl1nwjAlOMYzEo+gG7QaZ9AtqZFj5MbUc885wuBBmu6aADQ==}
    engines: {node: '>=12'}
    cpu: [arm64]
    os: [linux]
    requiresBuild: true
    dev: true
    optional: true

  /@esbuild/linux-arm@0.18.17:
    resolution: {integrity: sha512-2d3Lw6wkwgSLC2fIvXKoMNGVaeY8qdN0IC3rfuVxJp89CRfA3e3VqWifGDfuakPmp90+ZirmTfye1n4ncjv2lg==}
    engines: {node: '>=12'}
    cpu: [arm]
    os: [linux]
    requiresBuild: true
    dev: true
    optional: true

  /@esbuild/linux-ia32@0.18.17:
    resolution: {integrity: sha512-1DS9F966pn5pPnqXYz16dQqWIB0dmDfAQZd6jSSpiT9eX1NzKh07J6VKR3AoXXXEk6CqZMojiVDSZi1SlmKVdg==}
    engines: {node: '>=12'}
    cpu: [ia32]
    os: [linux]
    requiresBuild: true
    dev: true
    optional: true

  /@esbuild/linux-loong64@0.18.17:
    resolution: {integrity: sha512-EvLsxCk6ZF0fpCB6w6eOI2Fc8KW5N6sHlIovNe8uOFObL2O+Mr0bflPHyHwLT6rwMg9r77WOAWb2FqCQrVnwFg==}
    engines: {node: '>=12'}
    cpu: [loong64]
    os: [linux]
    requiresBuild: true
    dev: true
    optional: true

  /@esbuild/linux-mips64el@0.18.17:
    resolution: {integrity: sha512-e0bIdHA5p6l+lwqTE36NAW5hHtw2tNRmHlGBygZC14QObsA3bD4C6sXLJjvnDIjSKhW1/0S3eDy+QmX/uZWEYQ==}
    engines: {node: '>=12'}
    cpu: [mips64el]
    os: [linux]
    requiresBuild: true
    dev: true
    optional: true

  /@esbuild/linux-ppc64@0.18.17:
    resolution: {integrity: sha512-BAAilJ0M5O2uMxHYGjFKn4nJKF6fNCdP1E0o5t5fvMYYzeIqy2JdAP88Az5LHt9qBoUa4tDaRpfWt21ep5/WqQ==}
    engines: {node: '>=12'}
    cpu: [ppc64]
    os: [linux]
    requiresBuild: true
    dev: true
    optional: true

  /@esbuild/linux-riscv64@0.18.17:
    resolution: {integrity: sha512-Wh/HW2MPnC3b8BqRSIme/9Zhab36PPH+3zam5pqGRH4pE+4xTrVLx2+XdGp6fVS3L2x+DrsIcsbMleex8fbE6g==}
    engines: {node: '>=12'}
    cpu: [riscv64]
    os: [linux]
    requiresBuild: true
    dev: true
    optional: true

  /@esbuild/linux-s390x@0.18.17:
    resolution: {integrity: sha512-j/34jAl3ul3PNcK3pfI0NSlBANduT2UO5kZ7FCaK33XFv3chDhICLY8wJJWIhiQ+YNdQ9dxqQctRg2bvrMlYgg==}
    engines: {node: '>=12'}
    cpu: [s390x]
    os: [linux]
    requiresBuild: true
    dev: true
    optional: true

  /@esbuild/linux-x64@0.18.17:
    resolution: {integrity: sha512-QM50vJ/y+8I60qEmFxMoxIx4de03pGo2HwxdBeFd4nMh364X6TIBZ6VQ5UQmPbQWUVWHWws5MmJXlHAXvJEmpQ==}
    engines: {node: '>=12'}
    cpu: [x64]
    os: [linux]
    requiresBuild: true
    dev: true
    optional: true

  /@esbuild/netbsd-x64@0.18.17:
    resolution: {integrity: sha512-/jGlhWR7Sj9JPZHzXyyMZ1RFMkNPjC6QIAan0sDOtIo2TYk3tZn5UDrkE0XgsTQCxWTTOcMPf9p6Rh2hXtl5TQ==}
    engines: {node: '>=12'}
    cpu: [x64]
    os: [netbsd]
    requiresBuild: true
    dev: true
    optional: true

  /@esbuild/openbsd-x64@0.18.17:
    resolution: {integrity: sha512-rSEeYaGgyGGf4qZM2NonMhMOP/5EHp4u9ehFiBrg7stH6BYEEjlkVREuDEcQ0LfIl53OXLxNbfuIj7mr5m29TA==}
    engines: {node: '>=12'}
    cpu: [x64]
    os: [openbsd]
    requiresBuild: true
    dev: true
    optional: true

  /@esbuild/sunos-x64@0.18.17:
    resolution: {integrity: sha512-Y7ZBbkLqlSgn4+zot4KUNYst0bFoO68tRgI6mY2FIM+b7ZbyNVtNbDP5y8qlu4/knZZ73fgJDlXID+ohY5zt5g==}
    engines: {node: '>=12'}
    cpu: [x64]
    os: [sunos]
    requiresBuild: true
    dev: true
    optional: true

  /@esbuild/win32-arm64@0.18.17:
    resolution: {integrity: sha512-bwPmTJsEQcbZk26oYpc4c/8PvTY3J5/QK8jM19DVlEsAB41M39aWovWoHtNm78sd6ip6prilxeHosPADXtEJFw==}
    engines: {node: '>=12'}
    cpu: [arm64]
    os: [win32]
    requiresBuild: true
    dev: true
    optional: true

  /@esbuild/win32-ia32@0.18.17:
    resolution: {integrity: sha512-H/XaPtPKli2MhW+3CQueo6Ni3Avggi6hP/YvgkEe1aSaxw+AeO8MFjq8DlgfTd9Iz4Yih3QCZI6YLMoyccnPRg==}
    engines: {node: '>=12'}
    cpu: [ia32]
    os: [win32]
    requiresBuild: true
    dev: true
    optional: true

  /@esbuild/win32-x64@0.18.17:
    resolution: {integrity: sha512-fGEb8f2BSA3CW7riJVurug65ACLuQAzKq0SSqkY2b2yHHH0MzDfbLyKIGzHwOI/gkHcxM/leuSW6D5w/LMNitA==}
    engines: {node: '>=12'}
    cpu: [x64]
    os: [win32]
    requiresBuild: true
    dev: true
    optional: true

  /@rrweb/types@2.0.0-alpha.9:
    resolution: {integrity: sha512-yS2KghLSmSSxo6H7tHrJ6u+nWJA9zCXaKFyc79rUSX8RHHSImRqocTqJ8jz794kCIWA90rvaQayRONdHO+vB0Q==}
    dependencies:
      rrweb-snapshot: 2.0.0-alpha.9
    dev: false

  /@types/css-font-loading-module@0.0.7:
    resolution: {integrity: sha512-nl09VhutdjINdWyXxHWN/w9zlNCfr60JUqJbd24YXUuCwgeL0TpFSdElCwb6cxfB6ybE19Gjj4g0jsgkXxKv1Q==}
    dev: false

  /@xstate/fsm@1.6.5:
    resolution: {integrity: sha512-b5o1I6aLNeYlU/3CPlj/Z91ybk1gUsKT+5NAJI+2W4UjvS5KLG28K9v5UvNoFVjHV8PajVZ00RH3vnjyQO7ZAw==}
    dev: false

  /base64-arraybuffer@1.0.2:
    resolution: {integrity: sha512-I3yl4r9QB5ZRY3XuJVEPfc2XhZO6YweFPI+UovAzn+8/hb3oJ6lnysaFcjVpkCPfVWFUDvoZ8kmVDP7WyRtYtQ==}
    engines: {node: '>= 0.6.0'}
    dev: false

  /css-line-break@2.1.0:
    resolution: {integrity: sha512-FHcKFCZcAha3LwfVBhCQbW2nCNbkZXn7KVUJcsT5/P8YmfsVja0FMPJr0B903j/E69HUphKiV9iQArX8SDYA4w==}
    dependencies:
      utrie: 1.0.2
    dev: false

  /esbuild@0.18.17:
    resolution: {integrity: sha512-1GJtYnUxsJreHYA0Y+iQz2UEykonY66HNWOb0yXYZi9/kNrORUEHVg87eQsCtqh59PEJ5YVZJO98JHznMJSWjg==}
    engines: {node: '>=12'}
    hasBin: true
    requiresBuild: true
    optionalDependencies:
      '@esbuild/android-arm': 0.18.17
      '@esbuild/android-arm64': 0.18.17
      '@esbuild/android-x64': 0.18.17
      '@esbuild/darwin-arm64': 0.18.17
      '@esbuild/darwin-x64': 0.18.17
      '@esbuild/freebsd-arm64': 0.18.17
      '@esbuild/freebsd-x64': 0.18.17
      '@esbuild/linux-arm': 0.18.17
      '@esbuild/linux-arm64': 0.18.17
      '@esbuild/linux-ia32': 0.18.17
      '@esbuild/linux-loong64': 0.18.17
      '@esbuild/linux-mips64el': 0.18.17
      '@esbuild/linux-ppc64': 0.18.17
      '@esbuild/linux-riscv64': 0.18.17
      '@esbuild/linux-s390x': 0.18.17
      '@esbuild/linux-x64': 0.18.17
      '@esbuild/netbsd-x64': 0.18.17
      '@esbuild/openbsd-x64': 0.18.17
      '@esbuild/sunos-x64': 0.18.17
      '@esbuild/win32-arm64': 0.18.17
      '@esbuild/win32-ia32': 0.18.17
      '@esbuild/win32-x64': 0.18.17
    dev: true

  /fflate@0.4.8:
    resolution: {integrity: sha512-FJqqoDBR00Mdj9ppamLa/Y7vxm+PRmNWA67N846RvsoYVMKB4q3y/de5PA7gUmRMYK/8CMz2GDZQmCRN1wBcWA==}
    dev: false

  /fsevents@2.3.2:
    resolution: {integrity: sha512-xiqMQR4xAeHTuB9uWm+fFRcIOgKBMiOBP+eXiyT7jsgVCq1bkVygt00oASowB7EdtpOHaaPgKt812P9ab+DDKA==}
    engines: {node: ^8.16.0 || ^10.6.0 || >=11.0.0}
    os: [darwin]
    requiresBuild: true
    dev: true
    optional: true

  /html2canvas@1.4.1:
    resolution: {integrity: sha512-fPU6BHNpsyIhr8yyMpTLLxAbkaK8ArIBcmZIRiBLiDhjeqvXolaEmDGmELFuX9I4xDcaKKcJl+TKZLqruBbmWA==}
    engines: {node: '>=8.0.0'}
    dependencies:
      css-line-break: 2.1.0
      text-segmentation: 1.0.3
    dev: false

  /mitt@3.0.1:
    resolution: {integrity: sha512-vKivATfr97l2/QBCYAkXYDbrIWPM2IIKEl7YPhjCvKlG3kE2gm+uBo6nEXK3M5/Ffh/FLpKExzOQ3JJoJGFKBw==}
    dev: false

  /nanoid@3.3.6:
    resolution: {integrity: sha512-BGcqMMJuToF7i1rt+2PWSNVnWIkGCU78jBG3RxO/bZlnZPK2Cmi2QaffxGO/2RvWi9sL+FAiRiXMgsyxQ1DIDA==}
    engines: {node: ^10 || ^12 || ^13.7 || ^14 || >=15.0.1}
    hasBin: true
    dev: true

  /picocolors@1.0.0:
    resolution: {integrity: sha512-1fygroTLlHu66zi26VoTDv8yRgm0Fccecssto+MhsZ0D/DGW2sm8E8AjW7NU5VVTRt5GxbeZ5qBuJr+HyLYkjQ==}
    dev: true

  /postcss@8.4.27:
    resolution: {integrity: sha512-gY/ACJtJPSmUFPDCHtX78+01fHa64FaU4zaaWfuh1MhGJISufJAH4cun6k/8fwsHYeK4UQmENQK+tRLCFJE8JQ==}
    engines: {node: ^10 || ^12 || >=14}
    dependencies:
      nanoid: 3.3.6
      picocolors: 1.0.0
      source-map-js: 1.0.2
    dev: true

  /rollup@3.26.3:
    resolution: {integrity: sha512-7Tin0C8l86TkpcMtXvQu6saWH93nhG3dGQ1/+l5V2TDMceTxO7kDiK6GzbfLWNNxqJXm591PcEZUozZm51ogwQ==}
    engines: {node: '>=14.18.0', npm: '>=8.0.0'}
    hasBin: true
    optionalDependencies:
      fsevents: 2.3.2
    dev: true

  /rrdom@0.1.7:
    resolution: {integrity: sha512-ZLd8f14z9pUy2Hk9y636cNv5Y2BMnNEY99wxzW9tD2BLDfe1xFxtLjB4q/xCBYo6HRe0wofzKzjm4JojmpBfFw==}
    dependencies:
      rrweb-snapshot: 2.0.0-alpha.4
    dev: false

  /rrweb-snapshot@2.0.0-alpha.4:
    resolution: {integrity: sha512-KQ2OtPpXO5jLYqg1OnXS/Hf+EzqnZyP5A+XPqBCjYpj3XIje/Od4gdUwjbFo3cVuWq5Cw5Y1d3/xwgIS7/XpQQ==}
    dev: false

  /rrweb-snapshot@2.0.0-alpha.9:
    resolution: {integrity: sha512-mHg1uUE2iUf0MXLE//4r5cMynkbduwmaOEis4gC7EuqkUAC1pYoLpcYYVt9lD6dgYIF6BmK6dgLLzMpD/tTyyA==}
    dev: false

  /rrweb@2.0.0-alpha.4:
    resolution: {integrity: sha512-wEHUILbxDPcNwkM3m4qgPgXAiBJyqCbbOHyVoNEVBJzHszWEFYyTbrZqUdeb1EfmTRC2PsumCIkVcomJ/xcOzA==}
    dependencies:
      '@rrweb/types': 2.0.0-alpha.9
      '@types/css-font-loading-module': 0.0.7
      '@xstate/fsm': 1.6.5
      base64-arraybuffer: 1.0.2
      fflate: 0.4.8
      mitt: 3.0.1
      rrdom: 0.1.7
      rrweb-snapshot: 2.0.0-alpha.4
    dev: false

  /source-map-js@1.0.2:
    resolution: {integrity: sha512-R0XvVJ9WusLiqTCEiGCmICCMplcCkIwwR11mOSD9CR5u+IXYdiseeEuXCVAjS54zqwkLcPNnmU4OeJ6tUrWhDw==}
    engines: {node: '>=0.10.0'}
    dev: true

  /text-segmentation@1.0.3:
    resolution: {integrity: sha512-iOiPUo/BGnZ6+54OsWxZidGCsdU8YbE4PSpdPinp7DeMtUJNJBoJ/ouUSTJjHkh1KntHaltHl/gDs2FC4i5+Nw==}
    dependencies:
      utrie: 1.0.2
    dev: false

  /typescript@5.1.6:
    resolution: {integrity: sha512-zaWCozRZ6DLEWAWFrVDz1H6FVXzUSfTy5FUMWsQlU8Ym5JP9eO4xkTIROFCQvhQf61z6O/G6ugw3SgAnvvm+HA==}
    engines: {node: '>=14.17'}
    hasBin: true
    dev: true

  /utrie@1.0.2:
    resolution: {integrity: sha512-1MLa5ouZiOmQzUbjbu9VmjLzn1QLXBhwpUa7kdLUQK+KQ5KA9I1vk5U4YHe/X2Ch7PYnJfWuWT+VbuxbGwljhw==}
    dependencies:
      base64-arraybuffer: 1.0.2
    dev: false

  /vite@4.4.7:
    resolution: {integrity: sha512-6pYf9QJ1mHylfVh39HpuSfMPojPSKVxZvnclX1K1FyZ1PXDOcLBibdq5t1qxJSnL63ca8Wf4zts6mD8u8oc9Fw==}
    engines: {node: ^14.18.0 || >=16.0.0}
    hasBin: true
    peerDependencies:
      '@types/node': '>= 14'
      less: '*'
      lightningcss: ^1.21.0
      sass: '*'
      stylus: '*'
      sugarss: '*'
      terser: ^5.4.0
    peerDependenciesMeta:
      '@types/node':
        optional: true
      less:
        optional: true
      lightningcss:
        optional: true
      sass:
        optional: true
      stylus:
        optional: true
      sugarss:
        optional: true
      terser:
        optional: true
    dependencies:
      esbuild: 0.18.17
      postcss: 8.4.27
      rollup: 3.26.3
    optionalDependencies:
      fsevents: 2.3.2
    dev: true
